
Microsoft Visual Studio Solution File, Format Version 12.00
# Visual Studio Version 16
VisualStudioVersion = 16.0.31205.134
MinimumVisualStudioVersion = 10.0.40219.1
Project("{FAE04EC0-301F-11D3-BF4B-00C04F79EFBC}") = "webapi-vs2019", "webapi-vs2019\webapi-vs2019.csproj", "{73EE5980-6536-4A1C-A3BE-9AB6A909E321}"
EndProject
Global
	GlobalSection(SolutionConfigurationPlatforms) = preSolution
		Debug|Any CPU = Debug|Any CPU
		Release|Any CPU = Release|Any CPU
	EndGlobalSection
	GlobalSection(ProjectConfigurationPlatforms) = postSolution
		{73EE5980-6536-4A1C-A3BE-9AB6A909E321}.Debug|Any CPU.ActiveCfg = Debug|Any CPU
		{73EE5980-6536-4A1C-A3BE-9AB6A909E321}.Debug|Any CPU.Build.0 = Debug|Any CPU
		{73EE5980-6536-4A1C-A3BE-9AB6A909E321}.Release|Any CPU.ActiveCfg = Release|Any CPU
		{73EE5980-6536-4A1C-A3BE-9AB6A909E321}.Release|Any CPU.Build.0 = Release|Any CPU
	EndGlobalSection
	GlobalSection(SolutionProperties) = preSolution
		HideSolutionNode = FALSE
	EndGlobalSection
	GlobalSection(ExtensibilityGlobals) = postSolution
		SolutionGuid = {6A7ED334-4C82-48CF-B1FB-D65183C4E2C7}
	EndGlobalSection
EndGlobal
